<?xml version="1.0" encoding="utf-8"?>
<Project ToolsVersion="4.0" xmlns="http://schemas.microsoft.com/developer/msbuild/2003">
  <ItemGroup>
    <ClCompile Include="..\..\source\RealVNCPlugin\BufferUpdate.cxx" />
    <ClCompile Include="..\..\source\RealVNCPlugin\ConnectionThread.cxx" />
    <ClCompile Include="..\..\source\RealVNCPlugin\ConnOptions.cxx" />
    <ClCompile Include="..\..\source\RealVNCPlugin\PluginConnection.cxx" />
    <ClCompile Include="..\..\source\RealVNCPlugin\RealVNCPlugin.cpp" />
    <ClCompile Include="..\..\source\RealVNCPlugin\UnityLog.cpp" />
    <ClCompile Include="..\..\source\RealVNCPlugin\UnityTextureHandler.cxx" />
    <ClCompile Include="..\..\source\RealVNCPlugin\VNCClient.cxx" />
    <ClCompile Include="..\..\source\RealVNCPlugin\UnityPlugin\RenderAPI.cpp">
      <Filter>UnityPlugin</Filter>
    </ClCompile>
    <ClCompile Include="..\..\source\RealVNCPlugin\UnityPlugin\RenderAPI_D3D9.cpp">
      <Filter>UnityPlugin</Filter>
    </ClCompile>
    <ClCompile Include="..\..\source\RealVNCPlugin\UnityPlugin\RenderAPI_D3D11.cpp">
      <Filter>UnityPlugin</Filter>
    </ClCompile>
    <ClCompile Include="..\..\source\RealVNCPlugin\UnityPlugin\RenderAPI_D3D12.cpp">
      <Filter>UnityPlugin</Filter>
    </ClCompile>
    <ClCompile Include="..\..\source\RealVNCPlugin\UnityPlugin\RenderAPI_OpenGL2.cpp">
      <Filter>UnityPlugin</Filter>
    </ClCompile>
    <ClCompile Include="..\..\source\RealVNCPlugin\UnityPlugin\RenderAPI_OpenGLCoreES.cpp">
      <Filter>UnityPlugin</Filter>
    </ClCompile>
    <ClCompile Include="..\..\source\RealVNCPlugin\UnityPlugin\GLEW\glew.c">
      <Filter>UnityPlugin\GLEW</Filter>
    </ClCompile>
  </ItemGroup>
  <ItemGroup>
    <None Include="..\..\source\RealVNCPlugin\UnityPlugin\RenderAPI_Metal.mm">
      <Filter>UnityPlugin</Filter>
    </None>
    <None Include="RealVNCPlugin.def" />
  </ItemGroup>
  <ItemGroup>
    <Filter Include="UnityPlugin">
      <UniqueIdentifier>{9b79898f-ac56-46f7-a10d-516b1f59e172}</UniqueIdentifier>
    </Filter>
    <Filter Include="UnityPlugin\GLEW">
      <UniqueIdentifier>{833d5fd2-17c0-4dfb-bbec-aa8644cca9e5}</UniqueIdentifier>
    </Filter>
    <Filter Include="UnityPlugin\Unity">
      <UniqueIdentifier>{7da2856a-4939-4aab-b144-da65171fa74a}</UniqueIdentifier>
    </Filter>
  </ItemGroup>
  <ItemGroup>
    <ClInclude Include="..\..\source\RealVNCPlugin\BufferUpdate.h" />
    <ClInclude Include="..\..\source\RealVNCPlugin\ConnectionThread.h" />
    <ClInclude Include="..\..\source\RealVNCPlugin\ConnOptions.h" />
    <ClInclude Include="..\..\source\RealVNCPlugin\PluginConnection.h" />
    <ClInclude Include="..\..\source\RealVNCPlugin\UnityLog.h" />
    <ClInclude Include="..\..\source\RealVNCPlugin\UnityTextureHandler.h" />
    <ClInclude Include="..\..\source\RealVNCPlugin\VNCClient.h" />
    <ClInclude Include="..\..\source\RealVNCPlugin\UnityPlugin\PlatformBase.h">
      <Filter>UnityPlugin</Filter>
    </ClInclude>
    <ClInclude Include="..\..\source\RealVNCPlugin\UnityPlugin\RenderAPI.h">
      <Filter>UnityPlugin</Filter>
    </ClInclude>
    <ClInclude Include="..\..\source\RealVNCPlugin\UnityPlugin\Unity\IUnityGraphics.h">
      <Filter>UnityPlugin\Unity</Filter>
    </ClInclude>
    <ClInclude Include="..\..\source\RealVNCPlugin\UnityPlugin\Unity\IUnityGraphicsD3D9.h">
      <Filter>UnityPlugin\Unity</Filter>
    </ClInclude>
    <ClInclude Include="..\..\source\RealVNCPlugin\UnityPlugin\Unity\IUnityGraphicsD3D11.h">
      <Filter>UnityPlugin\Unity</Filter>
    </ClInclude>
    <ClInclude Include="..\..\source\RealVNCPlugin\UnityPlugin\Unity\IUnityGraphicsD3D12.h">
      <Filter>UnityPlugin\Unity</Filter>
    </ClInclude>
    <ClInclude Include="..\..\source\RealVNCPlugin\UnityPlugin\Unity\IUnityGraphicsMetal.h">
      <Filter>UnityPlugin\Unity</Filter>
    </ClInclude>
    <ClInclude Include="..\..\source\RealVNCPlugin\UnityPlugin\Unity\IUnityInterface.h">
      <Filter>UnityPlugin\Unity</Filter>
    </ClInclude>
    <ClInclude Include="..\..\source\RealVNCPlugin\UnityPlugin\GLEW\glew.h">
      <Filter>UnityPlugin\GLEW</Filter>
    </ClInclude>
    <ClInclude Include="..\..\source\RealVNCPlugin\UnityPlugin\GLEW\glxew.h">
      <Filter>UnityPlugin\GLEW</Filter>
    </ClInclude>
    <ClInclude Include="..\..\source\RealVNCPlugin\UnityPlugin\GLEW\wglew.h">
      <Filter>UnityPlugin\GLEW</Filter>
    </ClInclude>
  </ItemGroup>
</Project>