Microsoft Visual Studio Solution File, Format Version 12.00
# Visual Studio 14
VisualStudioVersion = 14.0.25123.0
MinimumVisualStudioVersion = 10.0.40219.1
Project("{8BC9CEB8-8B4A-11D0-8D11-00A0C91BC942}") = "Xregion", "..\common\Xregion\Xregion.vcxproj", "{597421F1-8544-4198-B498-540361A51BE0}"
EndProject
Project("{8BC9CEB8-8B4A-11D0-8D11-00A0C91BC942}") = "logmessages", "logmessages\logmessages.vcxproj", "{52C5AB3A-9094-4ABC-A815-9351F6483895}"
EndProject
Project("{8BC9CEB8-8B4A-11D0-8D11-00A0C91BC942}") = "network", "..\common\network\network.vcxproj", "{6001F642-84E6-448F-9D69-C1F540291186}"
EndProject
Project("{8BC9CEB8-8B4A-11D0-8D11-00A0C91BC942}") = "rdr", "..\common\rdr\rdr.vcxproj", "{24E0C894-0886-49F1-80C0-DE306A1CD0C3}"
EndProject
Project("{8BC9CEB8-8B4A-11D0-8D11-00A0C91BC942}") = "rfb", "..\common\rfb\rfb.vcxproj", "{5F0B1D1B-306D-4D7F-AB22-DCF01632B73B}"
EndProject
Project("{8BC9CEB8-8B4A-11D0-8D11-00A0C91BC942}") = "rfb_win32", "rfb_win32\rfb_win32.vcxproj", "{B8FEB3F1-D554-4AC2-9E59-F9792F31E8CE}"
EndProject
Project("{8BC9CEB8-8B4A-11D0-8D11-00A0C91BC942}") = "vncconfig", "vncconfig\vncconfig.vcxproj", "{E0369460-54A0-4DB5-8167-94B0BAD6C215}"
EndProject
Project("{8BC9CEB8-8B4A-11D0-8D11-00A0C91BC942}") = "vncviewer", "vncviewer\vncviewer.vcxproj", "{DBB955AF-768C-4121-A2A1-30012B9FF417}"
EndProject
Project("{8BC9CEB8-8B4A-11D0-8D11-00A0C91BC942}") = "winvnc", "winvnc\winvnc.vcxproj", "{DA814B9E-141A-4044-95AD-6E8C6C13D67E}"
EndProject
Project("{8BC9CEB8-8B4A-11D0-8D11-00A0C91BC942}") = "wm_hooks", "wm_hooks\wm_hooks.vcxproj", "{72379240-B458-46F3-B9DD-2DEADE37A2C9}"
EndProject
Project("{8BC9CEB8-8B4A-11D0-8D11-00A0C91BC942}") = "zlib", "..\common\zlib\zlib.vcxproj", "{3E0AC723-BDE7-45AC-ABD8-B05AA5642EAC}"
EndProject
Global
	GlobalSection(SolutionConfigurationPlatforms) = preSolution
		Debug Unicode|x86 = Debug Unicode|x86
		Debug|x86 = Debug|x86
		Release|x86 = Release|x86
	EndGlobalSection
	GlobalSection(ProjectConfigurationPlatforms) = postSolution
		{597421F1-8544-4198-B498-540361A51BE0}.Debug Unicode|x86.ActiveCfg = Debug Unicode|Win32
		{597421F1-8544-4198-B498-540361A51BE0}.Debug Unicode|x86.Build.0 = Debug Unicode|Win32
		{597421F1-8544-4198-B498-540361A51BE0}.Debug|x86.ActiveCfg = Debug|Win32
		{597421F1-8544-4198-B498-540361A51BE0}.Debug|x86.Build.0 = Debug|Win32
		{597421F1-8544-4198-B498-540361A51BE0}.Release|x86.ActiveCfg = Release|Win32
		{597421F1-8544-4198-B498-540361A51BE0}.Release|x86.Build.0 = Release|Win32
		{52C5AB3A-9094-4ABC-A815-9351F6483895}.Debug Unicode|x86.ActiveCfg = Debug Unicode|Win32
		{52C5AB3A-9094-4ABC-A815-9351F6483895}.Debug Unicode|x86.Build.0 = Debug Unicode|Win32
		{52C5AB3A-9094-4ABC-A815-9351F6483895}.Debug|x86.ActiveCfg = Debug|Win32
		{52C5AB3A-9094-4ABC-A815-9351F6483895}.Debug|x86.Build.0 = Debug|Win32
		{52C5AB3A-9094-4ABC-A815-9351F6483895}.Release|x86.ActiveCfg = Release|Win32
		{52C5AB3A-9094-4ABC-A815-9351F6483895}.Release|x86.Build.0 = Release|Win32
		{6001F642-84E6-448F-9D69-C1F540291186}.Debug Unicode|x86.ActiveCfg = Debug Unicode|Win32
		{6001F642-84E6-448F-9D69-C1F540291186}.Debug Unicode|x86.Build.0 = Debug Unicode|Win32
		{6001F642-84E6-448F-9D69-C1F540291186}.Debug|x86.ActiveCfg = Debug|Win32
		{6001F642-84E6-448F-9D69-C1F540291186}.Debug|x86.Build.0 = Debug|Win32
		{6001F642-84E6-448F-9D69-C1F540291186}.Release|x86.ActiveCfg = Release|Win32
		{6001F642-84E6-448F-9D69-C1F540291186}.Release|x86.Build.0 = Release|Win32
		{24E0C894-0886-49F1-80C0-DE306A1CD0C3}.Debug Unicode|x86.ActiveCfg = Debug Unicode|Win32
		{24E0C894-0886-49F1-80C0-DE306A1CD0C3}.Debug Unicode|x86.Build.0 = Debug Unicode|Win32
		{24E0C894-0886-49F1-80C0-DE306A1CD0C3}.Debug|x86.ActiveCfg = Debug|Win32
		{24E0C894-0886-49F1-80C0-DE306A1CD0C3}.Debug|x86.Build.0 = Debug|Win32
		{24E0C894-0886-49F1-80C0-DE306A1CD0C3}.Release|x86.ActiveCfg = Release|Win32
		{24E0C894-0886-49F1-80C0-DE306A1CD0C3}.Release|x86.Build.0 = Release|Win32
		{5F0B1D1B-306D-4D7F-AB22-DCF01632B73B}.Debug Unicode|x86.ActiveCfg = Debug Unicode|Win32
		{5F0B1D1B-306D-4D7F-AB22-DCF01632B73B}.Debug Unicode|x86.Build.0 = Debug Unicode|Win32
		{5F0B1D1B-306D-4D7F-AB22-DCF01632B73B}.Debug|x86.ActiveCfg = Debug|Win32
		{5F0B1D1B-306D-4D7F-AB22-DCF01632B73B}.Debug|x86.Build.0 = Debug|Win32
		{5F0B1D1B-306D-4D7F-AB22-DCF01632B73B}.Release|x86.ActiveCfg = Release|Win32
		{5F0B1D1B-306D-4D7F-AB22-DCF01632B73B}.Release|x86.Build.0 = Release|Win32
		{B8FEB3F1-D554-4AC2-9E59-F9792F31E8CE}.Debug Unicode|x86.ActiveCfg = Debug Unicode|Win32
		{B8FEB3F1-D554-4AC2-9E59-F9792F31E8CE}.Debug Unicode|x86.Build.0 = Debug Unicode|Win32
		{B8FEB3F1-D554-4AC2-9E59-F9792F31E8CE}.Debug|x86.ActiveCfg = Debug|Win32
		{B8FEB3F1-D554-4AC2-9E59-F9792F31E8CE}.Debug|x86.Build.0 = Debug|Win32
		{B8FEB3F1-D554-4AC2-9E59-F9792F31E8CE}.Release|x86.ActiveCfg = Release|Win32
		{B8FEB3F1-D554-4AC2-9E59-F9792F31E8CE}.Release|x86.Build.0 = Release|Win32
		{E0369460-54A0-4DB5-8167-94B0BAD6C215}.Debug Unicode|x86.ActiveCfg = Debug Unicode|Win32
		{E0369460-54A0-4DB5-8167-94B0BAD6C215}.Debug Unicode|x86.Build.0 = Debug Unicode|Win32
		{E0369460-54A0-4DB5-8167-94B0BAD6C215}.Debug|x86.ActiveCfg = Debug|Win32
		{E0369460-54A0-4DB5-8167-94B0BAD6C215}.Debug|x86.Build.0 = Debug|Win32
		{E0369460-54A0-4DB5-8167-94B0BAD6C215}.Release|x86.ActiveCfg = Release|Win32
		{E0369460-54A0-4DB5-8167-94B0BAD6C215}.Release|x86.Build.0 = Release|Win32
		{DBB955AF-768C-4121-A2A1-30012B9FF417}.Debug Unicode|x86.ActiveCfg = Debug Unicode|Win32
		{DBB955AF-768C-4121-A2A1-30012B9FF417}.Debug Unicode|x86.Build.0 = Debug Unicode|Win32
		{DBB955AF-768C-4121-A2A1-30012B9FF417}.Debug|x86.ActiveCfg = Debug|Win32
		{DBB955AF-768C-4121-A2A1-30012B9FF417}.Debug|x86.Build.0 = Debug|Win32
		{DBB955AF-768C-4121-A2A1-30012B9FF417}.Release|x86.ActiveCfg = Release|Win32
		{DBB955AF-768C-4121-A2A1-30012B9FF417}.Release|x86.Build.0 = Release|Win32
		{DA814B9E-141A-4044-95AD-6E8C6C13D67E}.Debug Unicode|x86.ActiveCfg = Debug Unicode|Win32
		{DA814B9E-141A-4044-95AD-6E8C6C13D67E}.Debug Unicode|x86.Build.0 = Debug Unicode|Win32
		{DA814B9E-141A-4044-95AD-6E8C6C13D67E}.Debug|x86.ActiveCfg = Debug|Win32
		{DA814B9E-141A-4044-95AD-6E8C6C13D67E}.Debug|x86.Build.0 = Debug|Win32
		{DA814B9E-141A-4044-95AD-6E8C6C13D67E}.Release|x86.ActiveCfg = Release|Win32
		{DA814B9E-141A-4044-95AD-6E8C6C13D67E}.Release|x86.Build.0 = Release|Win32
		{72379240-B458-46F3-B9DD-2DEADE37A2C9}.Debug Unicode|x86.ActiveCfg = Debug Unicode|Win32
		{72379240-B458-46F3-B9DD-2DEADE37A2C9}.Debug Unicode|x86.Build.0 = Debug Unicode|Win32
		{72379240-B458-46F3-B9DD-2DEADE37A2C9}.Debug|x86.ActiveCfg = Debug|Win32
		{72379240-B458-46F3-B9DD-2DEADE37A2C9}.Debug|x86.Build.0 = Debug|Win32
		{72379240-B458-46F3-B9DD-2DEADE37A2C9}.Release|x86.ActiveCfg = Release|Win32
		{72379240-B458-46F3-B9DD-2DEADE37A2C9}.Release|x86.Build.0 = Release|Win32
		{3E0AC723-BDE7-45AC-ABD8-B05AA5642EAC}.Debug Unicode|x86.ActiveCfg = Debug Unicode|Win32
		{3E0AC723-BDE7-45AC-ABD8-B05AA5642EAC}.Debug Unicode|x86.Build.0 = Debug Unicode|Win32
		{3E0AC723-BDE7-45AC-ABD8-B05AA5642EAC}.Debug|x86.ActiveCfg = Debug|Win32
		{3E0AC723-BDE7-45AC-ABD8-B05AA5642EAC}.Debug|x86.Build.0 = Debug|Win32
		{3E0AC723-BDE7-45AC-ABD8-B05AA5642EAC}.Release|x86.ActiveCfg = Release|Win32
		{3E0AC723-BDE7-45AC-ABD8-B05AA5642EAC}.Release|x86.Build.0 = Release|Win32
	EndGlobalSection
	GlobalSection(SolutionProperties) = preSolution
		HideSolutionNode = FALSE
	EndGlobalSection
EndGlobal
