<?xml version="1.0" encoding="utf-8"?>
<Project ToolsVersion="4.0" xmlns="http://schemas.microsoft.com/developer/msbuild/2003">
  <ItemGroup>
    <Filter Include="Source Files">
      <UniqueIdentifier>{674ac1c7-7f35-49d5-86bb-0be65f13cc06}</UniqueIdentifier>
      <Extensions>cpp;c;cxx;rc;def;r;odl;idl;hpj;bat</Extensions>
    </Filter>
    <Filter Include="Header Files">
      <UniqueIdentifier>{804ae704-b2a8-4764-9456-b63a46cb7fc1}</UniqueIdentifier>
      <Extensions>h;hpp;hxx;hm;inl</Extensions>
    </Filter>
    <Filter Include="Resource Files">
      <UniqueIdentifier>{efb89e56-8dc1-4b78-b693-7d6a078aa54d}</UniqueIdentifier>
      <Extensions>ico;cur;bmp;dlg;rc2;rct;bin;rgs;gif;jpg;jpeg;jpe</Extensions>
    </Filter>
  </ItemGroup>
  <ItemGroup>
    <ClCompile Include="buildTime.cxx">
      <Filter>Source Files</Filter>
    </ClCompile>
    <ClCompile Include="CConn.cxx">
      <Filter>Source Files</Filter>
    </ClCompile>
    <ClCompile Include="CConnOptions.cxx">
      <Filter>Source Files</Filter>
    </ClCompile>
    <ClCompile Include="CConnThread.cxx">
      <Filter>Source Files</Filter>
    </ClCompile>
    <ClCompile Include="ConnectingDialog.cxx">
      <Filter>Source Files</Filter>
    </ClCompile>
    <ClCompile Include="ConnectionDialog.cxx">
      <Filter>Source Files</Filter>
    </ClCompile>
    <ClCompile Include="DesktopWindow.cxx">
      <Filter>Source Files</Filter>
    </ClCompile>
    <ClCompile Include="InfoDialog.cxx">
      <Filter>Source Files</Filter>
    </ClCompile>
    <ClCompile Include="OptionsDialog.cxx">
      <Filter>Source Files</Filter>
    </ClCompile>
    <ClCompile Include="UserPasswdDialog.cxx">
      <Filter>Source Files</Filter>
    </ClCompile>
    <ClCompile Include="vncviewer.cxx">
      <Filter>Source Files</Filter>
    </ClCompile>
  </ItemGroup>
  <ItemGroup>
    <ResourceCompile Include="vncviewer.rc">
      <Filter>Source Files</Filter>
    </ResourceCompile>
  </ItemGroup>
  <ItemGroup>
    <ClInclude Include="CConn.h">
      <Filter>Header Files</Filter>
    </ClInclude>
    <ClInclude Include="CConnOptions.h">
      <Filter>Header Files</Filter>
    </ClInclude>
    <ClInclude Include="CConnThread.h">
      <Filter>Header Files</Filter>
    </ClInclude>
    <ClInclude Include="ConnectingDialog.h">
      <Filter>Header Files</Filter>
    </ClInclude>
    <ClInclude Include="ConnectionDialog.h">
      <Filter>Header Files</Filter>
    </ClInclude>
    <ClInclude Include="DesktopWindow.h">
      <Filter>Header Files</Filter>
    </ClInclude>
    <ClInclude Include="InfoDialog.h">
      <Filter>Header Files</Filter>
    </ClInclude>
    <ClInclude Include="ListenServer.h">
      <Filter>Header Files</Filter>
    </ClInclude>
    <ClInclude Include="ListenTrayIcon.h">
      <Filter>Header Files</Filter>
    </ClInclude>
    <ClInclude Include="MRU.h">
      <Filter>Header Files</Filter>
    </ClInclude>
    <ClInclude Include="OptionsDialog.h">
      <Filter>Header Files</Filter>
    </ClInclude>
    <ClInclude Include="UserPasswdDialog.h">
      <Filter>Header Files</Filter>
    </ClInclude>
  </ItemGroup>
  <ItemGroup>
    <None Include="cursor1.cur">
      <Filter>Resource Files</Filter>
    </None>
  </ItemGroup>
  <ItemGroup>
    <Image Include="vncviewer.bmp">
      <Filter>Resource Files</Filter>
    </Image>
    <Image Include="vncviewer.ico">
      <Filter>Resource Files</Filter>
    </Image>
  </ItemGroup>
  <ItemGroup>
    <Manifest Include="vncviewer.exe.manifest">
      <Filter>Resource Files</Filter>
    </Manifest>
  </ItemGroup>
</Project>