<?xml version="1.0" encoding="utf-8"?>
<Project ToolsVersion="4.0" xmlns="http://schemas.microsoft.com/developer/msbuild/2003">
  <ItemGroup>
    <Filter Include="Source Files">
      <UniqueIdentifier>{e2e9c326-cf0f-4346-b182-43627ff1bf30}</UniqueIdentifier>
      <Extensions>cpp;c;cxx;rc;def;r;odl;idl;hpj;bat</Extensions>
    </Filter>
    <Filter Include="Header Files">
      <UniqueIdentifier>{0dfca399-8218-4e53-9420-a1bc97fde423}</UniqueIdentifier>
      <Extensions>h;hpp;hxx;hm;inl</Extensions>
    </Filter>
    <Filter Include="Resource Files">
      <UniqueIdentifier>{259dae7c-881a-4fc0-964f-96baa0418d2c}</UniqueIdentifier>
      <Extensions>ico;cur;bmp;dlg;rc2;rct;bin;rgs;gif;jpg;jpeg;jpe</Extensions>
    </Filter>
  </ItemGroup>
  <ItemGroup>
    <ClCompile Include="buildTime.cxx">
      <Filter>Source Files</Filter>
    </ClCompile>
    <ClCompile Include="JavaViewer.cxx">
      <Filter>Source Files</Filter>
    </ClCompile>
    <ClCompile Include="ManagedListener.cxx">
      <Filter>Source Files</Filter>
    </ClCompile>
    <ClCompile Include="QueryConnectDialog.cxx">
      <Filter>Source Files</Filter>
    </ClCompile>
    <ClCompile Include="STrayIcon.cxx">
      <Filter>Source Files</Filter>
    </ClCompile>
    <ClCompile Include="VNCServerService.cxx">
      <Filter>Source Files</Filter>
    </ClCompile>
    <ClCompile Include="VNCServerWin32.cxx">
      <Filter>Source Files</Filter>
    </ClCompile>
    <ClCompile Include="winvnc.cxx">
      <Filter>Source Files</Filter>
    </ClCompile>
  </ItemGroup>
  <ItemGroup>
    <ResourceCompile Include="winvnc.rc">
      <Filter>Source Files</Filter>
    </ResourceCompile>
  </ItemGroup>
  <ItemGroup>
    <ClInclude Include="AddNewClientDialog.h">
      <Filter>Header Files</Filter>
    </ClInclude>
    <ClInclude Include="buildFeatures.h">
      <Filter>Header Files</Filter>
    </ClInclude>
    <ClInclude Include="JavaViewer.h">
      <Filter>Header Files</Filter>
    </ClInclude>
    <ClInclude Include="ManagedListener.h">
      <Filter>Header Files</Filter>
    </ClInclude>
    <ClInclude Include="QueryConnectDialog.h">
      <Filter>Header Files</Filter>
    </ClInclude>
    <ClInclude Include="STrayIcon.h">
      <Filter>Header Files</Filter>
    </ClInclude>
    <ClInclude Include="VNCServerService.h">
      <Filter>Header Files</Filter>
    </ClInclude>
    <ClInclude Include="VNCServerWin32.h">
      <Filter>Header Files</Filter>
    </ClInclude>
  </ItemGroup>
  <ItemGroup>
    <Image Include="connected.ico">
      <Filter>Resource Files</Filter>
    </Image>
    <Image Include="java\logo150x150.gif">
      <Filter>Resource Files</Filter>
    </Image>
    <Image Include="..\..\common\javabin\logo150x150.gif">
      <Filter>Resource Files</Filter>
    </Image>
    <Image Include="winvnc.bmp">
      <Filter>Resource Files</Filter>
    </Image>
    <Image Include="winvnc.ico">
      <Filter>Resource Files</Filter>
    </Image>
  </ItemGroup>
  <ItemGroup>
    <None Include="..\..\common\javabin\index.vnc" />
    <None Include="..\..\common\javabin\vncviewer.jar" />
  </ItemGroup>
  <ItemGroup>
    <Manifest Include="winvnc4.exe.manifest" />
  </ItemGroup>
</Project>