<?xml version="1.0" encoding="utf-8"?>
<Project ToolsVersion="4.0" xmlns="http://schemas.microsoft.com/developer/msbuild/2003">
  <ItemGroup>
    <Filter Include="Source Files">
      <UniqueIdentifier>{c07b3877-8377-4abb-87d8-b14f3370b593}</UniqueIdentifier>
      <Extensions>cpp;c;cxx;rc;def;r;odl;idl;hpj;bat</Extensions>
    </Filter>
    <Filter Include="Header Files">
      <UniqueIdentifier>{9eed6528-f8c9-4f42-a530-d913ed2ffe3d}</UniqueIdentifier>
      <Extensions>h;hpp;hxx;hm;inl</Extensions>
    </Filter>
  </ItemGroup>
  <ItemGroup>
    <ClCompile Include="AboutDialog.cxx">
      <Filter>Source Files</Filter>
    </ClCompile>
    <ClCompile Include="CKeyboard.cxx">
      <Filter>Source Files</Filter>
    </ClCompile>
    <ClCompile Include="CleanDesktop.cxx">
      <Filter>Source Files</Filter>
    </ClCompile>
    <ClCompile Include="Clipboard.cxx">
      <Filter>Source Files</Filter>
    </ClCompile>
    <ClCompile Include="CPointer.cxx">
      <Filter>Source Files</Filter>
    </ClCompile>
    <ClCompile Include="CurrentUser.cxx">
      <Filter>Source Files</Filter>
    </ClCompile>
    <ClCompile Include="DeviceContext.cxx">
      <Filter>Source Files</Filter>
    </ClCompile>
    <ClCompile Include="DeviceFrameBuffer.cxx">
      <Filter>Source Files</Filter>
    </ClCompile>
    <ClCompile Include="Dialog.cxx">
      <Filter>Source Files</Filter>
    </ClCompile>
    <ClCompile Include="DIBSectionBuffer.cxx">
      <Filter>Source Files</Filter>
    </ClCompile>
    <ClCompile Include="DynamicFn.cxx">
      <Filter>Source Files</Filter>
    </ClCompile>
    <ClCompile Include="EventManager.cxx">
      <Filter>Source Files</Filter>
    </ClCompile>
    <ClCompile Include="LaunchProcess.cxx">
      <Filter>Source Files</Filter>
    </ClCompile>
    <ClCompile Include="LowLevelKeyEvents.cxx">
      <Filter>Source Files</Filter>
    </ClCompile>
    <ClCompile Include="MonitorInfo.cxx">
      <Filter>Source Files</Filter>
    </ClCompile>
    <ClCompile Include="MsgWindow.cxx">
      <Filter>Source Files</Filter>
    </ClCompile>
    <ClCompile Include="OSVersion.cxx">
      <Filter>Source Files</Filter>
    </ClCompile>
    <ClCompile Include="RegConfig.cxx">
      <Filter>Source Files</Filter>
    </ClCompile>
    <ClCompile Include="Registry.cxx">
      <Filter>Source Files</Filter>
    </ClCompile>
    <ClCompile Include="SDisplay.cxx">
      <Filter>Source Files</Filter>
    </ClCompile>
    <ClCompile Include="SDisplayCorePolling.cxx">
      <Filter>Source Files</Filter>
    </ClCompile>
    <ClCompile Include="SDisplayCoreWMHooks.cxx">
      <Filter>Source Files</Filter>
    </ClCompile>
    <ClCompile Include="Security.cxx">
      <Filter>Source Files</Filter>
    </ClCompile>
    <ClCompile Include="Service.cxx">
      <Filter>Source Files</Filter>
    </ClCompile>
    <ClCompile Include="SInput.cxx">
      <Filter>Source Files</Filter>
    </ClCompile>
    <ClCompile Include="SocketManager.cxx">
      <Filter>Source Files</Filter>
    </ClCompile>
    <ClCompile Include="TCharArray.cxx">
      <Filter>Source Files</Filter>
    </ClCompile>
    <ClCompile Include="Threading.cxx">
      <Filter>Source Files</Filter>
    </ClCompile>
    <ClCompile Include="TsSessions.cxx">
      <Filter>Source Files</Filter>
    </ClCompile>
    <ClCompile Include="Win32Util.cxx">
      <Filter>Source Files</Filter>
    </ClCompile>
    <ClCompile Include="WMCursor.cxx">
      <Filter>Source Files</Filter>
    </ClCompile>
    <ClCompile Include="WMHooks.cxx">
      <Filter>Source Files</Filter>
    </ClCompile>
    <ClCompile Include="WMNotifier.cxx">
      <Filter>Source Files</Filter>
    </ClCompile>
    <ClCompile Include="WMPoller.cxx">
      <Filter>Source Files</Filter>
    </ClCompile>
    <ClCompile Include="WMShatter.cxx">
      <Filter>Source Files</Filter>
    </ClCompile>
    <ClCompile Include="WMWindowCopyRect.cxx">
      <Filter>Source Files</Filter>
    </ClCompile>
  </ItemGroup>
  <ItemGroup>
    <ClInclude Include="AboutDialog.h">
      <Filter>Header Files</Filter>
    </ClInclude>
    <ClInclude Include="BitmapInfo.h">
      <Filter>Header Files</Filter>
    </ClInclude>
    <ClInclude Include="CKeyboard.h">
      <Filter>Header Files</Filter>
    </ClInclude>
    <ClInclude Include="CleanDesktop.h">
      <Filter>Header Files</Filter>
    </ClInclude>
    <ClInclude Include="Clipboard.h">
      <Filter>Header Files</Filter>
    </ClInclude>
    <ClInclude Include="CompatibleBitmap.h">
      <Filter>Header Files</Filter>
    </ClInclude>
    <ClInclude Include="ComputerName.h">
      <Filter>Header Files</Filter>
    </ClInclude>
    <ClInclude Include="CPointer.h">
      <Filter>Header Files</Filter>
    </ClInclude>
    <ClInclude Include="CurrentUser.h">
      <Filter>Header Files</Filter>
    </ClInclude>
    <ClInclude Include="DeviceContext.h">
      <Filter>Header Files</Filter>
    </ClInclude>
    <ClInclude Include="DeviceFrameBuffer.h">
      <Filter>Header Files</Filter>
    </ClInclude>
    <ClInclude Include="Dialog.h">
      <Filter>Header Files</Filter>
    </ClInclude>
    <ClInclude Include="DIBSectionBuffer.h">
      <Filter>Header Files</Filter>
    </ClInclude>
    <ClInclude Include="DynamicFn.h">
      <Filter>Header Files</Filter>
    </ClInclude>
    <ClInclude Include="EventManager.h">
      <Filter>Header Files</Filter>
    </ClInclude>
    <ClInclude Include="Handle.h">
      <Filter>Header Files</Filter>
    </ClInclude>
    <ClInclude Include="IconInfo.h">
      <Filter>Header Files</Filter>
    </ClInclude>
    <ClInclude Include="IntervalTimer.h">
      <Filter>Header Files</Filter>
    </ClInclude>
    <ClInclude Include="keymap.h">
      <Filter>Header Files</Filter>
    </ClInclude>
    <ClInclude Include="LaunchProcess.h">
      <Filter>Header Files</Filter>
    </ClInclude>
    <ClInclude Include="LocalMem.h">
      <Filter>Header Files</Filter>
    </ClInclude>
    <ClInclude Include="LogicalPalette.h">
      <Filter>Header Files</Filter>
    </ClInclude>
    <ClInclude Include="LowLevelKeyEvents.h">
      <Filter>Header Files</Filter>
    </ClInclude>
    <ClInclude Include="ModuleFileName.h">
      <Filter>Header Files</Filter>
    </ClInclude>
    <ClInclude Include="MonitorInfo.h">
      <Filter>Header Files</Filter>
    </ClInclude>
    <ClInclude Include="MsgBox.h">
      <Filter>Header Files</Filter>
    </ClInclude>
    <ClInclude Include="MsgWindow.h">
      <Filter>Header Files</Filter>
    </ClInclude>
    <ClInclude Include="OSVersion.h">
      <Filter>Header Files</Filter>
    </ClInclude>
    <ClInclude Include="RegConfig.h">
      <Filter>Header Files</Filter>
    </ClInclude>
    <ClInclude Include="Registry.h">
      <Filter>Header Files</Filter>
    </ClInclude>
    <ClInclude Include="SDisplay.h">
      <Filter>Header Files</Filter>
    </ClInclude>
    <ClInclude Include="SDisplayCoreDriver.h">
      <Filter>Header Files</Filter>
    </ClInclude>
    <ClInclude Include="SDisplayCorePolling.h">
      <Filter>Header Files</Filter>
    </ClInclude>
    <ClInclude Include="SDisplayCoreWMHooks.h">
      <Filter>Header Files</Filter>
    </ClInclude>
    <ClInclude Include="Security.h">
      <Filter>Header Files</Filter>
    </ClInclude>
    <ClInclude Include="Service.h">
      <Filter>Header Files</Filter>
    </ClInclude>
    <ClInclude Include="SInput.h">
      <Filter>Header Files</Filter>
    </ClInclude>
    <ClInclude Include="SocketManager.h">
      <Filter>Header Files</Filter>
    </ClInclude>
    <ClInclude Include="TCharArray.h">
      <Filter>Header Files</Filter>
    </ClInclude>
    <ClInclude Include="Threading.h">
      <Filter>Header Files</Filter>
    </ClInclude>
    <ClInclude Include="TrayIcon.h">
      <Filter>Header Files</Filter>
    </ClInclude>
    <ClInclude Include="TsSessions.h">
      <Filter>Header Files</Filter>
    </ClInclude>
    <ClInclude Include="Win32Util.h">
      <Filter>Header Files</Filter>
    </ClInclude>
    <ClInclude Include="WMCursor.h">
      <Filter>Header Files</Filter>
    </ClInclude>
    <ClInclude Include="WMHooks.h">
      <Filter>Header Files</Filter>
    </ClInclude>
    <ClInclude Include="WMNotifier.h">
      <Filter>Header Files</Filter>
    </ClInclude>
    <ClInclude Include="WMPoller.h">
      <Filter>Header Files</Filter>
    </ClInclude>
    <ClInclude Include="WMShatter.h">
      <Filter>Header Files</Filter>
    </ClInclude>
    <ClInclude Include="WMWindowCopyRect.h">
      <Filter>Header Files</Filter>
    </ClInclude>
  </ItemGroup>
</Project>